// !$*UTF8*$!
{
	archiveVersion = 1;
	classes = {
	};
	objectVersion = 55;
	objects = {

/* Begin PBXBuildFile section */
		B451F29A278C528C00A8A294 /* AppDelegate.swift in Sources */ = {isa = PBXBuildFile; fileRef = B451F299278C528C00A8A294 /* AppDelegate.swift */; };
		B451F29C278C528D00A8A294 /* SceneDelegate.swift in Sources */ = {isa = PBXBuildFile; fileRef = B451F29B278C528D00A8A294 /* SceneDelegate.swift */; };
		B451F29E278C528D00A8A294 /* MovieListViewController.swift in Sources */ = {isa = PBXBuildFile; fileRef = B451F29D278C528D00A8A294 /* MovieListViewController.swift */; };
		B451F2A1278C528D00A8A294 /* Main.storyboard in Resources */ = {isa = PBXBuildFile; fileRef = B451F29F278C528D00A8A294 /* Main.storyboard */; };
		B451F2A3278C529B00A8A294 /* Assets.xcassets in Resources */ = {isa = PBXBuildFile; fileRef = B451F2A2278C529B00A8A294 /* Assets.xcassets */; };
		B451F2A6278C529B00A8A294 /* LaunchScreen.storyboard in Resources */ = {isa = PBXBuildFile; fileRef = B451F2A4278C529B00A8A294 /* LaunchScreen.storyboard */; };
		B451F2AE278C586A00A8A294 /* NetworkService.swift in Sources */ = {isa = PBXBuildFile; fileRef = B451F2AD278C586A00A8A294 /* NetworkService.swift */; };
		B451F2B2278C7DAA00A8A294 /* NetworkConstants.swift in Sources */ = {isa = PBXBuildFile; fileRef = B451F2B1278C7DAA00A8A294 /* NetworkConstants.swift */; };
		B451F2B4278C7DFB00A8A294 /* MovieAppGlobalConstants.swift in Sources */ = {isa = PBXBuildFile; fileRef = B451F2B3278C7DFB00A8A294 /* MovieAppGlobalConstants.swift */; };
		B451F2B7278C820900A8A294 /* ProviderProtocol.swift in Sources */ = {isa = PBXBuildFile; fileRef = B451F2B6278C820900A8A294 /* ProviderProtocol.swift */; };
		B451F2B9278C823B00A8A294 /* ServiceProtocol.swift in Sources */ = {isa = PBXBuildFile; fileRef = B451F2B8278C823B00A8A294 /* ServiceProtocol.swift */; };
		B451F2BB278C825E00A8A294 /* URLSessionProtocol.swift in Sources */ = {isa = PBXBuildFile; fileRef = B451F2BA278C825D00A8A294 /* URLSessionProtocol.swift */; };
		B451F2C0278C849A00A8A294 /* HTTPMethod.swift in Sources */ = {isa = PBXBuildFile; fileRef = B451F2BF278C849A00A8A294 /* HTTPMethod.swift */; };
		B451F2C2278C84B900A8A294 /* NetworkError.swift in Sources */ = {isa = PBXBuildFile; fileRef = B451F2C1278C84B900A8A294 /* NetworkError.swift */; };
		B451F2C4278C84D500A8A294 /* NetworkResponse.swift in Sources */ = {isa = PBXBuildFile; fileRef = B451F2C3278C84D500A8A294 /* NetworkResponse.swift */; };
		B451F2C6278C850300A8A294 /* ParametersEncoding.swift in Sources */ = {isa = PBXBuildFile; fileRef = B451F2C5278C850300A8A294 /* ParametersEncoding.swift */; };
		B451F2C8278C851900A8A294 /* Task.swift in Sources */ = {isa = PBXBuildFile; fileRef = B451F2C7278C851900A8A294 /* Task.swift */; };
/* End PBXBuildFile section */

/* Begin PBXFileReference section */
		B451F296278C528C00A8A294 /* UnitTestMovieApp.app */ = {isa = PBXFileReference; explicitFileType = wrapper.application; includeInIndex = 0; path = UnitTestMovieApp.app; sourceTree = BUILT_PRODUCTS_DIR; };
		B451F299278C528C00A8A294 /* AppDelegate.swift */ = {isa = PBXFileReference; lastKnownFileType = sourcecode.swift; path = AppDelegate.swift; sourceTree = "<group>"; };
		B451F29B278C528D00A8A294 /* SceneDelegate.swift */ = {isa = PBXFileReference; lastKnownFileType = sourcecode.swift; path = SceneDelegate.swift; sourceTree = "<group>"; };
		B451F29D278C528D00A8A294 /* MovieListViewController.swift */ = {isa = PBXFileReference; lastKnownFileType = sourcecode.swift; path = MovieListViewController.swift; sourceTree = "<group>"; };
		B451F2A0278C528D00A8A294 /* Base */ = {isa = PBXFileReference; lastKnownFileType = file.storyboard; name = Base; path = Base.lproj/Main.storyboard; sourceTree = "<group>"; };
		B451F2A2278C529B00A8A294 /* Assets.xcassets */ = {isa = PBXFileReference; lastKnownFileType = folder.assetcatalog; path = Assets.xcassets; sourceTree = "<group>"; };
		B451F2A5278C529B00A8A294 /* Base */ = {isa = PBXFileReference; lastKnownFileType = file.storyboard; name = Base; path = Base.lproj/LaunchScreen.storyboard; sourceTree = "<group>"; };
		B451F2A7278C529B00A8A294 /* Info.plist */ = {isa = PBXFileReference; lastKnownFileType = text.plist.xml; path = Info.plist; sourceTree = "<group>"; };
		B451F2AD278C586A00A8A294 /* NetworkService.swift */ = {isa = PBXFileReference; lastKnownFileType = sourcecode.swift; path = NetworkService.swift; sourceTree = "<group>"; };
		B451F2B1278C7DAA00A8A294 /* NetworkConstants.swift */ = {isa = PBXFileReference; lastKnownFileType = sourcecode.swift; path = NetworkConstants.swift; sourceTree = "<group>"; };
		B451F2B3278C7DFB00A8A294 /* MovieAppGlobalConstants.swift */ = {isa = PBXFileReference; lastKnownFileType = sourcecode.swift; path = MovieAppGlobalConstants.swift; sourceTree = "<group>"; };
		B451F2B6278C820900A8A294 /* ProviderProtocol.swift */ = {isa = PBXFileReference; lastKnownFileType = sourcecode.swift; path = ProviderProtocol.swift; sourceTree = "<group>"; };
		B451F2B8278C823B00A8A294 /* ServiceProtocol.swift */ = {isa = PBXFileReference; lastKnownFileType = sourcecode.swift; path = ServiceProtocol.swift; sourceTree = "<group>"; };
		B451F2BA278C825D00A8A294 /* URLSessionProtocol.swift */ = {isa = PBXFileReference; lastKnownFileType = sourcecode.swift; path = URLSessionProtocol.swift; sourceTree = "<group>"; };
		B451F2BF278C849A00A8A294 /* HTTPMethod.swift */ = {isa = PBXFileReference; lastKnownFileType = sourcecode.swift; path = HTTPMethod.swift; sourceTree = "<group>"; };
		B451F2C1278C84B900A8A294 /* NetworkError.swift */ = {isa = PBXFileReference; lastKnownFileType = sourcecode.swift; path = NetworkError.swift; sourceTree = "<group>"; };
		B451F2C3278C84D500A8A294 /* NetworkResponse.swift */ = {isa = PBXFileReference; lastKnownFileType = sourcecode.swift; path = NetworkResponse.swift; sourceTree = "<group>"; };
		B451F2C5278C850300A8A294 /* ParametersEncoding.swift */ = {isa = PBXFileReference; lastKnownFileType = sourcecode.swift; path = ParametersEncoding.swift; sourceTree = "<group>"; };
		B451F2C7278C851900A8A294 /* Task.swift */ = {isa = PBXFileReference; lastKnownFileType = sourcecode.swift; path = Task.swift; sourceTree = "<group>"; };
/* End PBXFileReference section */

/* Begin PBXFrameworksBuildPhase section */
		B451F293278C528C00A8A294 /* Frameworks */ = {
			isa = PBXFrameworksBuildPhase;
			buildActionMask = 2147483647;
			files = (
			);
			runOnlyForDeploymentPostprocessing = 0;
		};
/* End PBXFrameworksBuildPhase section */

/* Begin PBXGroup section */
		B451F28D278C528B00A8A294 = {
			isa = PBXGroup;
			children = (
				B451F298278C528C00A8A294 /* UnitTestMovieApp */,
				B451F297278C528C00A8A294 /* Products */,
			);
			sourceTree = "<group>";
		};
		B451F297278C528C00A8A294 /* Products */ = {
			isa = PBXGroup;
			children = (
				B451F296278C528C00A8A294 /* UnitTestMovieApp.app */,
			);
			name = Products;
			sourceTree = "<group>";
		};
		B451F298278C528C00A8A294 /* UnitTestMovieApp */ = {
			isa = PBXGroup;
			children = (
				B451F2BE278C82D200A8A294 /* Enums */,
				B451F2B5278C817F00A8A294 /* NetworkProtocols */,
				B451F2B0278C7CBA00A8A294 /* Shared */,
				B451F299278C528C00A8A294 /* AppDelegate.swift */,
				B451F29B278C528D00A8A294 /* SceneDelegate.swift */,
				B451F29D278C528D00A8A294 /* MovieListViewController.swift */,
				B451F2AD278C586A00A8A294 /* NetworkService.swift */,
				B451F2AF278C7BB200A8A294 /* Storyboards */,
				B451F2A2278C529B00A8A294 /* Assets.xcassets */,
				B451F2A7278C529B00A8A294 /* Info.plist */,
			);
			path = UnitTestMovieApp;
			sourceTree = "<group>";
		};
		B451F2AF278C7BB200A8A294 /* Storyboards */ = {
			isa = PBXGroup;
			children = (
				B451F29F278C528D00A8A294 /* Main.storyboard */,
				B451F2A4278C529B00A8A294 /* LaunchScreen.storyboard */,
			);
			path = Storyboards;
			sourceTree = "<group>";
		};
		B451F2B0278C7CBA00A8A294 /* Shared */ = {
			isa = PBXGroup;
			children = (
				B451F2B1278C7DAA00A8A294 /* NetworkConstants.swift */,
				B451F2B3278C7DFB00A8A294 /* MovieAppGlobalConstants.swift */,
			);
			name = Shared;
			sourceTree = "<group>";
		};
		B451F2B5278C817F00A8A294 /* NetworkProtocols */ = {
			isa = PBXGroup;
			children = (
				B451F2B6278C820900A8A294 /* ProviderProtocol.swift */,
				B451F2B8278C823B00A8A294 /* ServiceProtocol.swift */,
				B451F2BA278C825D00A8A294 /* URLSessionProtocol.swift */,
			);
			path = NetworkProtocols;
			sourceTree = "<group>";
		};
		B451F2BE278C82D200A8A294 /* Enums */ = {
			isa = PBXGroup;
			children = (
				B451F2BF278C849A00A8A294 /* HTTPMethod.swift */,
				B451F2C1278C84B900A8A294 /* NetworkError.swift */,
				B451F2C3278C84D500A8A294 /* NetworkResponse.swift */,
				B451F2C5278C850300A8A294 /* ParametersEncoding.swift */,
				B451F2C7278C851900A8A294 /* Task.swift */,
			);
			path = Enums;
			sourceTree = "<group>";
		};
/* End PBXGroup section */

/* Begin PBXNativeTarget section */
		B451F295278C528C00A8A294 /* UnitTestMovieApp */ = {
			isa = PBXNativeTarget;
			buildConfigurationList = B451F2AA278C529C00A8A294 /* Build configuration list for PBXNativeTarget "UnitTestMovieApp" */;
			buildPhases = (
				B451F292278C528C00A8A294 /* Sources */,
				B451F293278C528C00A8A294 /* Frameworks */,
				B451F294278C528C00A8A294 /* Resources */,
			);
			buildRules = (
			);
			dependencies = (
			);
			name = UnitTestMovieApp;
			productName = UnitTestMovieApp;
			productReference = B451F296278C528C00A8A294 /* UnitTestMovieApp.app */;
			productType = "com.apple.product-type.application";
		};
/* End PBXNativeTarget section */

/* Begin PBXProject section */
		B451F28E278C528B00A8A294 /* Project object */ = {
			isa = PBXProject;
			attributes = {
				BuildIndependentTargetsInParallel = 1;
				LastSwiftUpdateCheck = 1310;
				LastUpgradeCheck = 1310;
				TargetAttributes = {
					B451F295278C528C00A8A294 = {
						CreatedOnToolsVersion = 13.1;
					};
				};
			};
			buildConfigurationList = B451F291278C528B00A8A294 /* Build configuration list for PBXProject "UnitTestMovieApp" */;
			compatibilityVersion = "Xcode 13.0";
			developmentRegion = en;
			hasScannedForEncodings = 0;
			knownRegions = (
				en,
				Base,
			);
			mainGroup = B451F28D278C528B00A8A294;
			productRefGroup = B451F297278C528C00A8A294 /* Products */;
			projectDirPath = "";
			projectRoot = "";
			targets = (
				B451F295278C528C00A8A294 /* UnitTestMovieApp */,
			);
		};
/* End PBXProject section */

/* Begin PBXResourcesBuildPhase section */
		B451F294278C528C00A8A294 /* Resources */ = {
			isa = PBXResourcesBuildPhase;
			buildActionMask = 2147483647;
			files = (
				B451F2A6278C529B00A8A294 /* LaunchScreen.storyboard in Resources */,
				B451F2A3278C529B00A8A294 /* Assets.xcassets in Resources */,
				B451F2A1278C528D00A8A294 /* Main.storyboard in Resources */,
			);
			runOnlyForDeploymentPostprocessing = 0;
		};
/* End PBXResourcesBuildPhase section */

/* Begin PBXSourcesBuildPhase section */
		B451F292278C528C00A8A294 /* Sources */ = {
			isa = PBXSourcesBuildPhase;
			buildActionMask = 2147483647;
			files = (
				B451F2BB278C825E00A8A294 /* URLSessionProtocol.swift in Sources */,
				B451F29E278C528D00A8A294 /* MovieListViewController.swift in Sources */,
				B451F29A278C528C00A8A294 /* AppDelegate.swift in Sources */,
				B451F2B2278C7DAA00A8A294 /* NetworkConstants.swift in Sources */,
				B451F2B9278C823B00A8A294 /* ServiceProtocol.swift in Sources */,
				B451F2C4278C84D500A8A294 /* NetworkResponse.swift in Sources */,
				B451F2B4278C7DFB00A8A294 /* MovieAppGlobalConstants.swift in Sources */,
				B451F2AE278C586A00A8A294 /* NetworkService.swift in Sources */,
				B451F2C6278C850300A8A294 /* ParametersEncoding.swift in Sources */,
				B451F29C278C528D00A8A294 /* SceneDelegate.swift in Sources */,
				B451F2C0278C849A00A8A294 /* HTTPMethod.swift in Sources */,
				B451F2C2278C84B900A8A294 /* NetworkError.swift in Sources */,
				B451F2C8278C851900A8A294 /* Task.swift in Sources */,
				B451F2B7278C820900A8A294 /* ProviderProtocol.swift in Sources */,
			);
			runOnlyForDeploymentPostprocessing = 0;
		};
/* End PBXSourcesBuildPhase section */

/* Begin PBXVariantGroup section */
		B451F29F278C528D00A8A294 /* Main.storyboard */ = {
			isa = PBXVariantGroup;
			children = (
				B451F2A0278C528D00A8A294 /* Base */,
			);
			name = Main.storyboard;
			sourceTree = "<group>";
		};
		B451F2A4278C529B00A8A294 /* LaunchScreen.storyboard */ = {
			isa = PBXVariantGroup;
			children = (
				B451F2A5278C529B00A8A294 /* Base */,
			);
			name = LaunchScreen.storyboard;
			sourceTree = "<group>";
		};
/* End PBXVariantGroup section */

/* Begin XCBuildConfiguration section */
		B451F2A8278C529B00A8A294 /* Debug */ = {
			isa = XCBuildConfiguration;
			buildSettings = {
				ALWAYS_SEARCH_USER_PATHS = NO;
				CLANG_ANALYZER_NONNULL = YES;
				CLANG_ANALYZER_NUMBER_OBJECT_CONVERSION = YES_AGGRESSIVE;
				CLANG_CXX_LANGUAGE_STANDARD = "gnu++17";
				CLANG_CXX_LIBRARY = "libc++";
				CLANG_ENABLE_MODULES = YES;
				CLANG_ENABLE_OBJC_ARC = YES;
				CLANG_ENABLE_OBJC_WEAK = YES;
				CLANG_WARN_BLOCK_CAPTURE_AUTORELEASING = YES;
				CLANG_WARN_BOOL_CONVERSION = YES;
				CLANG_WARN_COMMA = YES;
				CLANG_WARN_CONSTANT_CONVERSION = YES;
				CLANG_WARN_DEPRECATED_OBJC_IMPLEMENTATIONS = YES;
				CLANG_WARN_DIRECT_OBJC_ISA_USAGE = YES_ERROR;
				CLANG_WARN_DOCUMENTATION_COMMENTS = YES;
				CLANG_WARN_EMPTY_BODY = YES;
				CLANG_WARN_ENUM_CONVERSION = YES;
				CLANG_WARN_INFINITE_RECURSION = YES;
				CLANG_WARN_INT_CONVERSION = YES;
				CLANG_WARN_NON_LITERAL_NULL_CONVERSION = YES;
				CLANG_WARN_OBJC_IMPLICIT_RETAIN_SELF = YES;
				CLANG_WARN_OBJC_LITERAL_CONVERSION = YES;
				CLANG_WARN_OBJC_ROOT_CLASS = YES_ERROR;
				CLANG_WARN_QUOTED_INCLUDE_IN_FRAMEWORK_HEADER = YES;
				CLANG_WARN_RANGE_LOOP_ANALYSIS = YES;
				CLANG_WARN_STRICT_PROTOTYPES = YES;
				CLANG_WARN_SUSPICIOUS_MOVE = YES;
				CLANG_WARN_UNGUARDED_AVAILABILITY = YES_AGGRESSIVE;
				CLANG_WARN_UNREACHABLE_CODE = YES;
				CLANG_WARN__DUPLICATE_METHOD_MATCH = YES;
				COPY_PHASE_STRIP = NO;
				DEBUG_INFORMATION_FORMAT = dwarf;
				ENABLE_STRICT_OBJC_MSGSEND = YES;
				ENABLE_TESTABILITY = YES;
				GCC_C_LANGUAGE_STANDARD = gnu11;
				GCC_DYNAMIC_NO_PIC = NO;
				GCC_NO_COMMON_BLOCKS = YES;
				GCC_OPTIMIZATION_LEVEL = 0;
				GCC_PREPROCESSOR_DEFINITIONS = (
					"DEBUG=1",
					"$(inherited)",
				);
				GCC_WARN_64_TO_32_BIT_CONVERSION = YES;
				GCC_WARN_ABOUT_RETURN_TYPE = YES_ERROR;
				GCC_WARN_UNDECLARED_SELECTOR = YES;
				GCC_WARN_UNINITIALIZED_AUTOS = YES_AGGRESSIVE;
				GCC_WARN_UNUSED_FUNCTION = YES;
				GCC_WARN_UNUSED_VARIABLE = YES;
				IPHONEOS_DEPLOYMENT_TARGET = 15.0;
				MTL_ENABLE_DEBUG_INFO = INCLUDE_SOURCE;
				MTL_FAST_MATH = YES;
				ONLY_ACTIVE_ARCH = YES;
				SDKROOT = iphoneos;
				SWIFT_ACTIVE_COMPILATION_CONDITIONS = DEBUG;
				SWIFT_OPTIMIZATION_LEVEL = "-Onone";
			};
			name = Debug;
		};
		B451F2A9278C529B00A8A294 /* Release */ = {
			isa = XCBuildConfiguration;
			buildSettings = {
				ALWAYS_SEARCH_USER_PATHS = NO;
				CLANG_ANALYZER_NONNULL = YES;
				CLANG_ANALYZER_NUMBER_OBJECT_CONVERSION = YES_AGGRESSIVE;
				CLANG_CXX_LANGUAGE_STANDARD = "gnu++17";
				CLANG_CXX_LIBRARY = "libc++";
				CLANG_ENABLE_MODULES = YES;
				CLANG_ENABLE_OBJC_ARC = YES;
				CLANG_ENABLE_OBJC_WEAK = YES;
				CLANG_WARN_BLOCK_CAPTURE_AUTORELEASING = YES;
				CLANG_WARN_BOOL_CONVERSION = YES;
				CLANG_WARN_COMMA = YES;
				CLANG_WARN_CONSTANT_CONVERSION = YES;
				CLANG_WARN_DEPRECATED_OBJC_IMPLEMENTATIONS = YES;
				CLANG_WARN_DIRECT_OBJC_ISA_USAGE = YES_ERROR;
				CLANG_WARN_DOCUMENTATION_COMMENTS = YES;
				CLANG_WARN_EMPTY_BODY = YES;
				CLANG_WARN_ENUM_CONVERSION = YES;
				CLANG_WARN_INFINITE_RECURSION = YES;
				CLANG_WARN_INT_CONVERSION = YES;
				CLANG_WARN_NON_LITERAL_NULL_CONVERSION = YES;
				CLANG_WARN_OBJC_IMPLICIT_RETAIN_SELF = YES;
				CLANG_WARN_OBJC_LITERAL_CONVERSION = YES;
				CLANG_WARN_OBJC_ROOT_CLASS = YES_ERROR;
				CLANG_WARN_QUOTED_INCLUDE_IN_FRAMEWORK_HEADER = YES;
				CLANG_WARN_RANGE_LOOP_ANALYSIS = YES;
				CLANG_WARN_STRICT_PROTOTYPES = YES;
				CLANG_WARN_SUSPICIOUS_MOVE = YES;
				CLANG_WARN_UNGUARDED_AVAILABILITY = YES_AGGRESSIVE;
				CLANG_WARN_UNREACHABLE_CODE = YES;
				CLANG_WARN__DUPLICATE_METHOD_MATCH = YES;
				COPY_PHASE_STRIP = NO;
				DEBUG_INFORMATION_FORMAT = "dwarf-with-dsym";
				ENABLE_NS_ASSERTIONS = NO;
				ENABLE_STRICT_OBJC_MSGSEND = YES;
				GCC_C_LANGUAGE_STANDARD = gnu11;
				GCC_NO_COMMON_BLOCKS = YES;
				GCC_WARN_64_TO_32_BIT_CONVERSION = YES;
				GCC_WARN_ABOUT_RETURN_TYPE = YES_ERROR;
				GCC_WARN_UNDECLARED_SELECTOR = YES;
				GCC_WARN_UNINITIALIZED_AUTOS = YES_AGGRESSIVE;
				GCC_WARN_UNUSED_FUNCTION = YES;
				GCC_WARN_UNUSED_VARIABLE = YES;
				IPHONEOS_DEPLOYMENT_TARGET = 15.0;
				MTL_ENABLE_DEBUG_INFO = NO;
				MTL_FAST_MATH = YES;
				SDKROOT = iphoneos;
				SWIFT_COMPILATION_MODE = wholemodule;
				SWIFT_OPTIMIZATION_LEVEL = "-O";
				VALIDATE_PRODUCT = YES;
			};
			name = Release;
		};
		B451F2AB278C529C00A8A294 /* Debug */ = {
			isa = XCBuildConfiguration;
			buildSettings = {
				ASSETCATALOG_COMPILER_APPICON_NAME = AppIcon;
				ASSETCATALOG_COMPILER_GLOBAL_ACCENT_COLOR_NAME = AccentColor;
				CODE_SIGN_STYLE = Automatic;
				CURRENT_PROJECT_VERSION = 1;
				DEVELOPMENT_TEAM = ZPS3H473KB;
				GENERATE_INFOPLIST_FILE = YES;
				INFOPLIST_FILE = UnitTestMovieApp/Info.plist;
				INFOPLIST_KEY_UIApplicationSupportsIndirectInputEvents = YES;
				INFOPLIST_KEY_UILaunchStoryboardName = LaunchScreen;
				INFOPLIST_KEY_UIMainStoryboardFile = Main;
				INFOPLIST_KEY_UISupportedInterfaceOrientations_iPad = "UIInterfaceOrientationPortrait UIInterfaceOrientationPortraitUpsideDown UIInterfaceOrientationLandscapeLeft UIInterfaceOrientationLandscapeRight";
				INFOPLIST_KEY_UISupportedInterfaceOrientations_iPhone = "UIInterfaceOrientationPortrait UIInterfaceOrientationLandscapeLeft UIInterfaceOrientationLandscapeRight";
				LD_RUNPATH_SEARCH_PATHS = (
					"$(inherited)",
					"@executable_path/Frameworks",
				);
				MARKETING_VERSION = 1.0;
				PRODUCT_BUNDLE_IDENTIFIER = com.brightsummit.UnitTestMovieApp;
				PRODUCT_NAME = "$(TARGET_NAME)";
				SWIFT_EMIT_LOC_STRINGS = YES;
				SWIFT_VERSION = 5.0;
				TARGETED_DEVICE_FAMILY = "1,2";
			};
			name = Debug;
		};
		B451F2AC278C529C00A8A294 /* Release */ = {
			isa = XCBuildConfiguration;
			buildSettings = {
				ASSETCATALOG_COMPILER_APPICON_NAME = AppIcon;
				ASSETCATALOG_COMPILER_GLOBAL_ACCENT_COLOR_NAME = AccentColor;
				CODE_SIGN_STYLE = Automatic;
				CURRENT_PROJECT_VERSION = 1;
				DEVELOPMENT_TEAM = ZPS3H473KB;
				GENERATE_INFOPLIST_FILE = YES;
				INFOPLIST_FILE = UnitTestMovieApp/Info.plist;
				INFOPLIST_KEY_UIApplicationSupportsIndirectInputEvents = YES;
				INFOPLIST_KEY_UILaunchStoryboardName = LaunchScreen;
				INFOPLIST_KEY_UIMainStoryboardFile = Main;
				INFOPLIST_KEY_UISupportedInterfaceOrientations_iPad = "UIInterfaceOrientationPortrait UIInterfaceOrientationPortraitUpsideDown UIInterfaceOrientationLandscapeLeft UIInterfaceOrientationLandscapeRight";
				INFOPLIST_KEY_UISupportedInterfaceOrientations_iPhone = "UIInterfaceOrientationPortrait UIInterfaceOrientationLandscapeLeft UIInterfaceOrientationLandscapeRight";
				LD_RUNPATH_SEARCH_PATHS = (
					"$(inherited)",
					"@executable_path/Frameworks",
				);
				MARKETING_VERSION = 1.0;
				PRODUCT_BUNDLE_IDENTIFIER = com.brightsummit.UnitTestMovieApp;
				PRODUCT_NAME = "$(TARGET_NAME)";
				SWIFT_EMIT_LOC_STRINGS = YES;
				SWIFT_VERSION = 5.0;
				TARGETED_DEVICE_FAMILY = "1,2";
			};
			name = Release;
		};
/* End XCBuildConfiguration section */

/* Begin XCConfigurationList section */
		B451F291278C528B00A8A294 /* Build configuration list for PBXProject "UnitTestMovieApp" */ = {
			isa = XCConfigurationList;
			buildConfigurations = (
				B451F2A8278C529B00A8A294 /* Debug */,
				B451F2A9278C529B00A8A294 /* Release */,
			);
			defaultConfigurationIsVisible = 0;
			defaultConfigurationName = Release;
		};
		B451F2AA278C529C00A8A294 /* Build configuration list for PBXNativeTarget "UnitTestMovieApp" */ = {
			isa = XCConfigurationList;
			buildConfigurations = (
				B451F2AB278C529C00A8A294 /* Debug */,
				B451F2AC278C529C00A8A294 /* Release */,
			);
			defaultConfigurationIsVisible = 0;
			defaultConfigurationName = Release;
		};
/* End XCConfigurationList section */
	};
	rootObject = B451F28E278C528B00A8A294 /* Project object */;
}
